# This file is autogenerated, do not edit; changes may be undone by the next 'dep ensure'.


[[projects]]
  name = "github.com/Sirupsen/logrus"
  packages = ["."]
  revision = "7f4b1adc791766938c29457bed0703fb9134421a"

[[projects]]
  name = "github.com/aws/aws-sdk-go"
  packages = [
    "aws",
    "aws/awserr",
    "aws/awsutil",
    "aws/client",
    "aws/client/metadata",
    "aws/corehandlers",
    "aws/credentials",
    "aws/credentials/ec2rolecreds",
    "aws/credentials/endpointcreds",
    "aws/credentials/stscreds",
    "aws/defaults",
    "aws/ec2metadata",
    "aws/endpoints",
    "aws/request",
    "aws/session",
    "aws/signer/v4",
    "private/protocol",
    "private/protocol/ec2query",
    "private/protocol/query",
    "private/protocol/query/queryutil",
    "private/protocol/rest",
    "private/protocol/xml/xmlutil",
    "private/waiter",
    "service/autoscaling",
    "service/ec2",
    "service/sts",
  ]
  revision = "8649d278323ebf6bd20c9cd56ecb152b1c617375"

[[projects]]
  name = "github.com/fsnotify/fsnotify"
  packages = ["."]
  revision = "ff7bc41d4007f67e5456703c34342df4e0113f64"

[[projects]]
  name = "github.com/go-ini/ini"
  packages = ["."]
  revision = "6529cf7c58879c08d927016dde4477f18a0634cb"
  version = "v1.36.0"

[[projects]]
  name = "github.com/go-playground/locales"
  packages = [
    ".",
    "currency",
  ]
  revision = "1e5f1161c6416a5ff48840eb8724a394e48cc534"

[[projects]]
  branch = "master"
  name = "github.com/go-playground/universal-translator"
  packages = ["."]
  revision = "71201497bace774495daed26a3874fd339e0b538"

[[projects]]
  name = "github.com/hashicorp/hcl"
  packages = [
    ".",
    "hcl/ast",
    "hcl/parser",
    "hcl/scanner",
    "hcl/strconv",
    "hcl/token",
    "json/parser",
    "json/scanner",
    "json/token",
  ]
  revision = "eb6f65b2d77ed5078887f960ff570fbddbbeb49d"

[[projects]]
  name = "github.com/inconshreveable/mousetrap"
  packages = ["."]
  revision = "76626ae9c91c4f2a10f34cad8ce83ea42c93bb75"
  version = "v1.0"

[[projects]]
  name = "github.com/jmespath/go-jmespath"
  packages = ["."]
  revision = "3433f3ea46d9f8019119e7dd41274e112a2359a9"
  version = "0.2.2"

[[projects]]
  name = "github.com/magiconair/properties"
  packages = ["."]
  revision = "51463bfca2576e06c62a8504b5c0f06d61312647"

[[projects]]
  name = "github.com/mitchellh/mapstructure"
  packages = ["."]
  revision = "db1efb556f84b25a0a13a04aad883943538ad2e0"

[[projects]]
  name = "github.com/pelletier/go-buffruneio"
  packages = ["."]
  revision = "c37440a7cf42ac63b919c752ca73a85067e05992"
  version = "v0.2.0"

[[projects]]
  name = "github.com/pelletier/go-toml"
  packages = ["."]
  revision = "f6e7596e8daafd44dc9e5c208dc73035020c8481"

[[projects]]
  name = "github.com/pkg/errors"
  packages = ["."]
  revision = "248dadf4e9068a0b3e79f02ed0a610d935de5302"

[[projects]]
  name = "github.com/spf13/afero"
  packages = [
    ".",
    "mem",
  ]
  revision = "9be650865eab0c12963d8753212f4f9c66cdcf12"

[[projects]]
  name = "github.com/spf13/cast"
  packages = ["."]
  revision = "ce135a4ebeee6cfe9a26c93ee0d37825f26113c7"
  version = "v1.0.0"

[[projects]]
  name = "github.com/spf13/cobra"
  packages = ["."]
  revision = "7be4beda01ec05d0b93d80b3facd2b6f44080d94"

[[projects]]
  name = "github.com/spf13/jwalterweatherman"
  packages = ["."]
  revision = "fa7ca7e836cf3a8bb4ebf799f472c12d7e903d66"

[[projects]]
  name = "github.com/spf13/pflag"
  packages = ["."]
  revision = "d16db1e50e33dff1b6cdf37596cef36742128670"

[[projects]]
  name = "github.com/spf13/viper"
  packages = ["."]
  revision = "84f94806c67f59dd7ae87bc5351f7a9c94a4558d"

[[projects]]
  name = "golang.org/x/sys"
  packages = ["unix"]
  revision = "afadfcc7779c1f4db0f6f6438afcb108d9c9c7cd"

[[projects]]
  name = "golang.org/x/text"
  packages = [
    "internal/gen",
    "internal/triegen",
    "internal/ucd",
    "transform",
    "unicode/cldr",
    "unicode/norm",
  ]
  revision = "fc7fa097411d30e6708badff276c4c164425590c"

[[projects]]
  name = "gopkg.in/go-playground/validator.v9"
  packages = ["."]
  revision = "4bd19358521c53f09639f21e2a9d6883d6890f24"
  version = "v9.3.5"

[[projects]]
  name = "gopkg.in/yaml.v2"
  packages = ["."]
  revision = "a5b47d31c556af34a302ce5d659e6fea44d90de0"

[solve-meta]
  analyzer-name = "dep"
  analyzer-version = 1
  inputs-digest = "af4b68d7197f6b46e5fc41ecab368ae7b5e2bba0aafb0b0dd624378cda8f5d7d"
  solver-name = "gps-cdcl"
  solver-version = 1
